// !$*UTF8*$!
{
	archiveVersion = 1;
	classes = {
	};
	objectVersion = 50;
	objects = {

/* Begin PBXBuildFile section */
		D941B497229D330E0041CBDA /* main.cpp in Sources */ = {isa = PBXBuildFile; fileRef = D941B496229D330E0041CBDA /* main.cpp */; };
		D941B4A2229D34C60041CBDA /* yuvprocessor.cpp in Sources */ = {isa = PBXBuildFile; fileRef = D941B4A0229D34C60041CBDA /* yuvprocessor.cpp */; };
/* End PBXBuildFile section */

/* Begin PBXCopyFilesBuildPhase section */
		D941B491229D330E0041CBDA /* CopyFiles */ = {
			isa = PBXCopyFilesBuildPhase;
			buildActionMask = 2147483647;
			dstPath = /usr/share/man/man1/;
			dstSubfolderSpec = 0;
			files = (
			);
			runOnlyForDeploymentPostprocessing = 1;
		};
/* End PBXCopyFilesBuildPhase section */

/* Begin PBXFileReference section */
		D941B493229D330E0041CBDA /* VideoAudioBasic */ = {isa = PBXFileReference; explicitFileType = "compiled.mach-o.executable"; includeInIndex = 0; path = VideoAudioBasic; sourceTree = BUILT_PRODUCTS_DIR; };
		D941B496229D330E0041CBDA /* main.cpp */ = {isa = PBXFileReference; lastKnownFileType = sourcecode.cpp.cpp; path = main.cpp; sourceTree = "<group>"; };
		D941B4A0229D34C60041CBDA /* yuvprocessor.cpp */ = {isa = PBXFileReference; lastKnownFileType = sourcecode.cpp.cpp; path = yuvprocessor.cpp; sourceTree = "<group>"; };
		D941B4A1229D34C60041CBDA /* yuvprocessor.hpp */ = {isa = PBXFileReference; lastKnownFileType = sourcecode.cpp.h; path = yuvprocessor.hpp; sourceTree = "<group>"; };
		D941B4A4229D398B0041CBDA /* helloyuv.yuv */ = {isa = PBXFileReference; fileEncoding = 4; lastKnownFileType = file; name = helloyuv.yuv; path = Resources/helloyuv.yuv; sourceTree = "<group>"; };
		D941B4A5229E600E0041CBDA /* test.jpeg */ = {isa = PBXFileReference; lastKnownFileType = image.jpeg; path = test.jpeg; sourceTree = "<group>"; };
		D941B4A7229E6B220041CBDA /* test.rgb */ = {isa = PBXFileReference; lastKnownFileType = text; path = test.rgb; sourceTree = "<group>"; };
/* End PBXFileReference section */

/* Begin PBXFrameworksBuildPhase section */
		D941B490229D330E0041CBDA /* Frameworks */ = {
			isa = PBXFrameworksBuildPhase;
			buildActionMask = 2147483647;
			files = (
			);
			runOnlyForDeploymentPostprocessing = 0;
		};
/* End PBXFrameworksBuildPhase section */

/* Begin PBXGroup section */
		D941B48A229D330E0041CBDA = {
			isa = PBXGroup;
			children = (
				D941B495229D330E0041CBDA /* VideoAudioBasic */,
				D941B494229D330E0041CBDA /* Products */,
			);
			sourceTree = "<group>";
		};
		D941B494229D330E0041CBDA /* Products */ = {
			isa = PBXGroup;
			children = (
				D941B493229D330E0041CBDA /* VideoAudioBasic */,
			);
			name = Products;
			sourceTree = "<group>";
		};
		D941B495229D330E0041CBDA /* VideoAudioBasic */ = {
			isa = PBXGroup;
			children = (
				D941B496229D330E0041CBDA /* main.cpp */,
				D941B4A1229D34C60041CBDA /* yuvprocessor.hpp */,
				D941B4A0229D34C60041CBDA /* yuvprocessor.cpp */,
				D941B4A7229E6B220041CBDA /* test.rgb */,
				D941B4A5229E600E0041CBDA /* test.jpeg */,
				D941B4A4229D398B0041CBDA /* helloyuv.yuv */,
				D941B4A3229D398B0041CBDA /* Resources */,
			);
			path = VideoAudioBasic;
			sourceTree = "<group>";
		};
		D941B4A3229D398B0041CBDA /* Resources */ = {
			isa = PBXGroup;
			children = (
			);
			path = Resources;
			sourceTree = "<group>";
		};
/* End PBXGroup section */

/* Begin PBXNativeTarget section */
		D941B492229D330E0041CBDA /* VideoAudioBasic */ = {
			isa = PBXNativeTarget;
			buildConfigurationList = D941B49A229D330E0041CBDA /* Build configuration list for PBXNativeTarget "VideoAudioBasic" */;
			buildPhases = (
				D941B48F229D330E0041CBDA /* Sources */,
				D941B490229D330E0041CBDA /* Frameworks */,
				D941B491229D330E0041CBDA /* CopyFiles */,
			);
			buildRules = (
			);
			dependencies = (
			);
			name = VideoAudioBasic;
			productName = VideoAudioBasic;
			productReference = D941B493229D330E0041CBDA /* VideoAudioBasic */;
			productType = "com.apple.product-type.tool";
		};
/* End PBXNativeTarget section */

/* Begin PBXProject section */
		D941B48B229D330E0041CBDA /* Project object */ = {
			isa = PBXProject;
			attributes = {
				LastUpgradeCheck = 1020;
				ORGANIZATIONNAME = Langren;
				TargetAttributes = {
					D941B492229D330E0041CBDA = {
						CreatedOnToolsVersion = 10.2;
					};
				};
			};
			buildConfigurationList = D941B48E229D330E0041CBDA /* Build configuration list for PBXProject "VideoAudioBasic" */;
			compatibilityVersion = "Xcode 9.3";
			developmentRegion = en;
			hasScannedForEncodings = 0;
			knownRegions = (
				en,
			);
			mainGroup = D941B48A229D330E0041CBDA;
			productRefGroup = D941B494229D330E0041CBDA /* Products */;
			projectDirPath = "";
			projectRoot = "";
			targets = (
				D941B492229D330E0041CBDA /* VideoAudioBasic */,
			);
		};
/* End PBXProject section */

/* Begin PBXSourcesBuildPhase section */
		D941B48F229D330E0041CBDA /* Sources */ = {
			isa = PBXSourcesBuildPhase;
			buildActionMask = 2147483647;
			files = (
				D941B497229D330E0041CBDA /* main.cpp in Sources */,
				D941B4A2229D34C60041CBDA /* yuvprocessor.cpp in Sources */,
			);
			runOnlyForDeploymentPostprocessing = 0;
		};
/* End PBXSourcesBuildPhase section */

/* Begin XCBuildConfiguration section */
		D941B498229D330E0041CBDA /* Debug */ = {
			isa = XCBuildConfiguration;
			buildSettings = {
				ALWAYS_SEARCH_USER_PATHS = NO;
				CLANG_ANALYZER_NONNULL = YES;
				CLANG_ANALYZER_NUMBER_OBJECT_CONVERSION = YES_AGGRESSIVE;
				CLANG_CXX_LANGUAGE_STANDARD = "gnu++14";
				CLANG_CXX_LIBRARY = "libc++";
				CLANG_ENABLE_MODULES = YES;
				CLANG_ENABLE_OBJC_ARC = YES;
				CLANG_ENABLE_OBJC_WEAK = YES;
				CLANG_WARN_BLOCK_CAPTURE_AUTORELEASING = YES;
				CLANG_WARN_BOOL_CONVERSION = YES;
				CLANG_WARN_COMMA = YES;
				CLANG_WARN_CONSTANT_CONVERSION = YES;
				CLANG_WARN_DEPRECATED_OBJC_IMPLEMENTATIONS = YES;
				CLANG_WARN_DIRECT_OBJC_ISA_USAGE = YES_ERROR;
				CLANG_WARN_DOCUMENTATION_COMMENTS = YES;
				CLANG_WARN_EMPTY_BODY = YES;
				CLANG_WARN_ENUM_CONVERSION = YES;
				CLANG_WARN_INFINITE_RECURSION = YES;
				CLANG_WARN_INT_CONVERSION = YES;
				CLANG_WARN_NON_LITERAL_NULL_CONVERSION = YES;
				CLANG_WARN_OBJC_IMPLICIT_RETAIN_SELF = YES;
				CLANG_WARN_OBJC_LITERAL_CONVERSION = YES;
				CLANG_WARN_OBJC_ROOT_CLASS = YES_ERROR;
				CLANG_WARN_RANGE_LOOP_ANALYSIS = YES;
				CLANG_WARN_STRICT_PROTOTYPES = YES;
				CLANG_WARN_SUSPICIOUS_MOVE = YES;
				CLANG_WARN_UNGUARDED_AVAILABILITY = YES_AGGRESSIVE;
				CLANG_WARN_UNREACHABLE_CODE = YES;
				CLANG_WARN__DUPLICATE_METHOD_MATCH = YES;
				CODE_SIGN_IDENTITY = "Mac Developer";
				COPY_PHASE_STRIP = NO;
				DEBUG_INFORMATION_FORMAT = dwarf;
				ENABLE_STRICT_OBJC_MSGSEND = YES;
				ENABLE_TESTABILITY = YES;
				GCC_C_LANGUAGE_STANDARD = gnu11;
				GCC_DYNAMIC_NO_PIC = NO;
				GCC_NO_COMMON_BLOCKS = YES;
				GCC_OPTIMIZATION_LEVEL = 0;
				GCC_PREPROCESSOR_DEFINITIONS = (
					"DEBUG=1",
					"$(inherited)",
				);
				GCC_WARN_64_TO_32_BIT_CONVERSION = YES;
				GCC_WARN_ABOUT_RETURN_TYPE = YES_ERROR;
				GCC_WARN_UNDECLARED_SELECTOR = YES;
				GCC_WARN_UNINITIALIZED_AUTOS = YES_AGGRESSIVE;
				GCC_WARN_UNUSED_FUNCTION = YES;
				GCC_WARN_UNUSED_VARIABLE = YES;
				MACOSX_DEPLOYMENT_TARGET = 10.14;
				MTL_ENABLE_DEBUG_INFO = INCLUDE_SOURCE;
				MTL_FAST_MATH = YES;
				ONLY_ACTIVE_ARCH = YES;
				SDKROOT = macosx;
			};
			name = Debug;
		};
		D941B499229D330E0041CBDA /* Release */ = {
			isa = XCBuildConfiguration;
			buildSettings = {
				ALWAYS_SEARCH_USER_PATHS = NO;
				CLANG_ANALYZER_NONNULL = YES;
				CLANG_ANALYZER_NUMBER_OBJECT_CONVERSION = YES_AGGRESSIVE;
				CLANG_CXX_LANGUAGE_STANDARD = "gnu++14";
				CLANG_CXX_LIBRARY = "libc++";
				CLANG_ENABLE_MODULES = YES;
				CLANG_ENABLE_OBJC_ARC = YES;
				CLANG_ENABLE_OBJC_WEAK = YES;
				CLANG_WARN_BLOCK_CAPTURE_AUTORELEASING = YES;
				CLANG_WARN_BOOL_CONVERSION = YES;
				CLANG_WARN_COMMA = YES;
				CLANG_WARN_CONSTANT_CONVERSION = YES;
				CLANG_WARN_DEPRECATED_OBJC_IMPLEMENTATIONS = YES;
				CLANG_WARN_DIRECT_OBJC_ISA_USAGE = YES_ERROR;
				CLANG_WARN_DOCUMENTATION_COMMENTS = YES;
				CLANG_WARN_EMPTY_BODY = YES;
				CLANG_WARN_ENUM_CONVERSION = YES;
				CLANG_WARN_INFINITE_RECURSION = YES;
				CLANG_WARN_INT_CONVERSION = YES;
				CLANG_WARN_NON_LITERAL_NULL_CONVERSION = YES;
				CLANG_WARN_OBJC_IMPLICIT_RETAIN_SELF = YES;
				CLANG_WARN_OBJC_LITERAL_CONVERSION = YES;
				CLANG_WARN_OBJC_ROOT_CLASS = YES_ERROR;
				CLANG_WARN_RANGE_LOOP_ANALYSIS = YES;
				CLANG_WARN_STRICT_PROTOTYPES = YES;
				CLANG_WARN_SUSPICIOUS_MOVE = YES;
				CLANG_WARN_UNGUARDED_AVAILABILITY = YES_AGGRESSIVE;
				CLANG_WARN_UNREACHABLE_CODE = YES;
				CLANG_WARN__DUPLICATE_METHOD_MATCH = YES;
				CODE_SIGN_IDENTITY = "Mac Developer";
				COPY_PHASE_STRIP = NO;
				DEBUG_INFORMATION_FORMAT = "dwarf-with-dsym";
				ENABLE_NS_ASSERTIONS = NO;
				ENABLE_STRICT_OBJC_MSGSEND = YES;
				GCC_C_LANGUAGE_STANDARD = gnu11;
				GCC_NO_COMMON_BLOCKS = YES;
				GCC_WARN_64_TO_32_BIT_CONVERSION = YES;
				GCC_WARN_ABOUT_RETURN_TYPE = YES_ERROR;
				GCC_WARN_UNDECLARED_SELECTOR = YES;
				GCC_WARN_UNINITIALIZED_AUTOS = YES_AGGRESSIVE;
				GCC_WARN_UNUSED_FUNCTION = YES;
				GCC_WARN_UNUSED_VARIABLE = YES;
				MACOSX_DEPLOYMENT_TARGET = 10.14;
				MTL_ENABLE_DEBUG_INFO = NO;
				MTL_FAST_MATH = YES;
				SDKROOT = macosx;
			};
			name = Release;
		};
		D941B49B229D330E0041CBDA /* Debug */ = {
			isa = XCBuildConfiguration;
			buildSettings = {
				CODE_SIGN_STYLE = Automatic;
				DEVELOPMENT_TEAM = G8RG7Y36J8;
				PRODUCT_NAME = "$(TARGET_NAME)";
			};
			name = Debug;
		};
		D941B49C229D330E0041CBDA /* Release */ = {
			isa = XCBuildConfiguration;
			buildSettings = {
				CODE_SIGN_STYLE = Automatic;
				DEVELOPMENT_TEAM = G8RG7Y36J8;
				PRODUCT_NAME = "$(TARGET_NAME)";
			};
			name = Release;
		};
/* End XCBuildConfiguration section */

/* Begin XCConfigurationList section */
		D941B48E229D330E0041CBDA /* Build configuration list for PBXProject "VideoAudioBasic" */ = {
			isa = XCConfigurationList;
			buildConfigurations = (
				D941B498229D330E0041CBDA /* Debug */,
				D941B499229D330E0041CBDA /* Release */,
			);
			defaultConfigurationIsVisible = 0;
			defaultConfigurationName = Release;
		};
		D941B49A229D330E0041CBDA /* Build configuration list for PBXNativeTarget "VideoAudioBasic" */ = {
			isa = XCConfigurationList;
			buildConfigurations = (
				D941B49B229D330E0041CBDA /* Debug */,
				D941B49C229D330E0041CBDA /* Release */,
			);
			defaultConfigurationIsVisible = 0;
			defaultConfigurationName = Release;
		};
/* End XCConfigurationList section */
	};
	rootObject = D941B48B229D330E0041CBDA /* Project object */;
}
